// !$*UTF8*$!
{
	archiveVersion = 1;
	classes = {
	};
	objectVersion = 56;
	objects = {

/* Begin PBXBuildFile section */
		E77B55852BDCE54900815C34 /* ComponenTestApp.swift in Sources */ = {isa = PBXBuildFile; fileRef = E77B55842BDCE54900815C34 /* ComponenTestApp.swift */; };
		E77B55872BDCE54900815C34 /* ContentView.swift in Sources */ = {isa = PBXBuildFile; fileRef = E77B55862BDCE54900815C34 /* ContentView.swift */; };
		E77B55892BDCE54D00815C34 /* Assets.xcassets in Resources */ = {isa = PBXBuildFile; fileRef = E77B55882BDCE54D00815C34 /* Assets.xcassets */; };
		E77B558C2BDCE54D00815C34 /* Preview Assets.xcassets in Resources */ = {isa = PBXBuildFile; fileRef = E77B558B2BDCE54D00815C34 /* Preview Assets.xcassets */; };
		E77B55962BDCE54D00815C34 /* ComponenTestTests.swift in Sources */ = {isa = PBXBuildFile; fileRef = E77B55952BDCE54D00815C34 /* ComponenTestTests.swift */; };
		E77B55A02BDCE54D00815C34 /* ComponenTestUITests.swift in Sources */ = {isa = PBXBuildFile; fileRef = E77B559F2BDCE54D00815C34 /* ComponenTestUITests.swift */; };
		E77B55A22BDCE54D00815C34 /* ComponenTestUITestsLaunchTests.swift in Sources */ = {isa = PBXBuildFile; fileRef = E77B55A12BDCE54D00815C34 /* ComponenTestUITestsLaunchTests.swift */; };
/* End PBXBuildFile section */

/* Begin PBXContainerItemProxy section */
		E77B55922BDCE54D00815C34 /* PBXContainerItemProxy */ = {
			isa = PBXContainerItemProxy;
			containerPortal = E77B55792BDCE54900815C34 /* Project object */;
			proxyType = 1;
			remoteGlobalIDString = E77B55802BDCE54900815C34;
			remoteInfo = ComponenTest;
		};
		E77B559C2BDCE54D00815C34 /* PBXContainerItemProxy */ = {
			isa = PBXContainerItemProxy;
			containerPortal = E77B55792BDCE54900815C34 /* Project object */;
			proxyType = 1;
			remoteGlobalIDString = E77B55802BDCE54900815C34;
			remoteInfo = ComponenTest;
		};
/* End PBXContainerItemProxy section */

/* Begin PBXFileReference section */
		E77B55812BDCE54900815C34 /* ComponenTest.app */ = {isa = PBXFileReference; explicitFileType = wrapper.application; includeInIndex = 0; path = ComponenTest.app; sourceTree = BUILT_PRODUCTS_DIR; };
		E77B55842BDCE54900815C34 /* ComponenTestApp.swift */ = {isa = PBXFileReference; lastKnownFileType = sourcecode.swift; path = ComponenTestApp.swift; sourceTree = "<group>"; };
		E77B55862BDCE54900815C34 /* ContentView.swift */ = {isa = PBXFileReference; lastKnownFileType = sourcecode.swift; path = ContentView.swift; sourceTree = "<group>"; };
		E77B55882BDCE54D00815C34 /* Assets.xcassets */ = {isa = PBXFileReference; lastKnownFileType = folder.assetcatalog; path = Assets.xcassets; sourceTree = "<group>"; };
		E77B558B2BDCE54D00815C34 /* Preview Assets.xcassets */ = {isa = PBXFileReference; lastKnownFileType = folder.assetcatalog; path = "Preview Assets.xcassets"; sourceTree = "<group>"; };
		E77B55912BDCE54D00815C34 /* ComponenTestTests.xctest */ = {isa = PBXFileReference; explicitFileType = wrapper.cfbundle; includeInIndex = 0; path = ComponenTestTests.xctest; sourceTree = BUILT_PRODUCTS_DIR; };
		E77B55952BDCE54D00815C34 /* ComponenTestTests.swift */ = {isa = PBXFileReference; lastKnownFileType = sourcecode.swift; path = ComponenTestTests.swift; sourceTree = "<group>"; };
		E77B559B2BDCE54D00815C34 /* ComponenTestUITests.xctest */ = {isa = PBXFileReference; explicitFileType = wrapper.cfbundle; includeInIndex = 0; path = ComponenTestUITests.xctest; sourceTree = BUILT_PRODUCTS_DIR; };
		E77B559F2BDCE54D00815C34 /* ComponenTestUITests.swift */ = {isa = PBXFileReference; lastKnownFileType = sourcecode.swift; path = ComponenTestUITests.swift; sourceTree = "<group>"; };
		E77B55A12BDCE54D00815C34 /* ComponenTestUITestsLaunchTests.swift */ = {isa = PBXFileReference; lastKnownFileType = sourcecode.swift; path = ComponenTestUITestsLaunchTests.swift; sourceTree = "<group>"; };
/* End PBXFileReference section */

/* Begin PBXFrameworksBuildPhase section */
		E77B557E2BDCE54900815C34 /* Frameworks */ = {
			isa = PBXFrameworksBuildPhase;
			buildActionMask = 2147483647;
			files = (
			);
			runOnlyForDeploymentPostprocessing = 0;
		};
		E77B558E2BDCE54D00815C34 /* Frameworks */ = {
			isa = PBXFrameworksBuildPhase;
			buildActionMask = 2147483647;
			files = (
			);
			runOnlyForDeploymentPostprocessing = 0;
		};
		E77B55982BDCE54D00815C34 /* Frameworks */ = {
			isa = PBXFrameworksBuildPhase;
			buildActionMask = 2147483647;
			files = (
			);
			runOnlyForDeploymentPostprocessing = 0;
		};
/* End PBXFrameworksBuildPhase section */

/* Begin PBXGroup section */
		E77B55782BDCE54900815C34 = {
			isa = PBXGroup;
			children = (
				E77B55832BDCE54900815C34 /* ComponenTest */,
				E77B55942BDCE54D00815C34 /* ComponenTestTests */,
				E77B559E2BDCE54D00815C34 /* ComponenTestUITests */,
				E77B55822BDCE54900815C34 /* Products */,
			);
			sourceTree = "<group>";
		};
		E77B55822BDCE54900815C34 /* Products */ = {
			isa = PBXGroup;
			children = (
				E77B55812BDCE54900815C34 /* ComponenTest.app */,
				E77B55912BDCE54D00815C34 /* ComponenTestTests.xctest */,
				E77B559B2BDCE54D00815C34 /* ComponenTestUITests.xctest */,
			);
			name = Products;
			sourceTree = "<group>";
		};
		E77B55832BDCE54900815C34 /* ComponenTest */ = {
			isa = PBXGroup;
			children = (
				E77B55842BDCE54900815C34 /* ComponenTestApp.swift */,
				E77B55862BDCE54900815C34 /* ContentView.swift */,
				E77B55882BDCE54D00815C34 /* Assets.xcassets */,
				E77B558A2BDCE54D00815C34 /* Preview Content */,
			);
			path = ComponenTest;
			sourceTree = "<group>";
		};
		E77B558A2BDCE54D00815C34 /* Preview Content */ = {
			isa = PBXGroup;
			children = (
				E77B558B2BDCE54D00815C34 /* Preview Assets.xcassets */,
			);
			path = "Preview Content";
			sourceTree = "<group>";
		};
		E77B55942BDCE54D00815C34 /* ComponenTestTests */ = {
			isa = PBXGroup;
			children = (
				E77B55952BDCE54D00815C34 /* ComponenTestTests.swift */,
			);
			path = ComponenTestTests;
			sourceTree = "<group>";
		};
		E77B559E2BDCE54D00815C34 /* ComponenTestUITests */ = {
			isa = PBXGroup;
			children = (
				E77B559F2BDCE54D00815C34 /* ComponenTestUITests.swift */,
				E77B55A12BDCE54D00815C34 /* ComponenTestUITestsLaunchTests.swift */,
			);
			path = ComponenTestUITests;
			sourceTree = "<group>";
		};
/* End PBXGroup section */

/* Begin PBXNativeTarget section */
		E77B55802BDCE54900815C34 /* ComponenTest */ = {
			isa = PBXNativeTarget;
			buildConfigurationList = E77B55A52BDCE54D00815C34 /* Build configuration list for PBXNativeTarget "ComponenTest" */;
			buildPhases = (
				E77B557D2BDCE54900815C34 /* Sources */,
				E77B557E2BDCE54900815C34 /* Frameworks */,
				E77B557F2BDCE54900815C34 /* Resources */,
			);
			buildRules = (
			);
			dependencies = (
			);
			name = ComponenTest;
			productName = ComponenTest;
			productReference = E77B55812BDCE54900815C34 /* ComponenTest.app */;
			productType = "com.apple.product-type.application";
		};
		E77B55902BDCE54D00815C34 /* ComponenTestTests */ = {
			isa = PBXNativeTarget;
			buildConfigurationList = E77B55A82BDCE54D00815C34 /* Build configuration list for PBXNativeTarget "ComponenTestTests" */;
			buildPhases = (
				E77B558D2BDCE54D00815C34 /* Sources */,
				E77B558E2BDCE54D00815C34 /* Frameworks */,
				E77B558F2BDCE54D00815C34 /* Resources */,
			);
			buildRules = (
			);
			dependencies = (
				E77B55932BDCE54D00815C34 /* PBXTargetDependency */,
			);
			name = ComponenTestTests;
			productName = ComponenTestTests;
			productReference = E77B55912BDCE54D00815C34 /* ComponenTestTests.xctest */;
			productType = "com.apple.product-type.bundle.unit-test";
		};
		E77B559A2BDCE54D00815C34 /* ComponenTestUITests */ = {
			isa = PBXNativeTarget;
			buildConfigurationList = E77B55AB2BDCE54D00815C34 /* Build configuration list for PBXNativeTarget "ComponenTestUITests" */;
			buildPhases = (
				E77B55972BDCE54D00815C34 /* Sources */,
				E77B55982BDCE54D00815C34 /* Frameworks */,
				E77B55992BDCE54D00815C34 /* Resources */,
			);
			buildRules = (
			);
			dependencies = (
				E77B559D2BDCE54D00815C34 /* PBXTargetDependency */,
			);
			name = ComponenTestUITests;
			productName = ComponenTestUITests;
			productReference = E77B559B2BDCE54D00815C34 /* ComponenTestUITests.xctest */;
			productType = "com.apple.product-type.bundle.ui-testing";
		};
/* End PBXNativeTarget section */

/* Begin PBXProject section */
		E77B55792BDCE54900815C34 /* Project object */ = {
			isa = PBXProject;
			attributes = {
				BuildIndependentTargetsInParallel = 1;
				LastSwiftUpdateCheck = 1530;
				LastUpgradeCheck = 1530;
				TargetAttributes = {
					E77B55802BDCE54900815C34 = {
						CreatedOnToolsVersion = 15.3;
					};
					E77B55902BDCE54D00815C34 = {
						CreatedOnToolsVersion = 15.3;
						TestTargetID = E77B55802BDCE54900815C34;
					};
					E77B559A2BDCE54D00815C34 = {
						CreatedOnToolsVersion = 15.3;
						TestTargetID = E77B55802BDCE54900815C34;
					};
				};
			};
			buildConfigurationList = E77B557C2BDCE54900815C34 /* Build configuration list for PBXProject "ComponenTest" */;
			compatibilityVersion = "Xcode 14.0";
			developmentRegion = en;
			hasScannedForEncodings = 0;
			knownRegions = (
				en,
				Base,
			);
			mainGroup = E77B55782BDCE54900815C34;
			productRefGroup = E77B55822BDCE54900815C34 /* Products */;
			projectDirPath = "";
			projectRoot = "";
			targets = (
				E77B55802BDCE54900815C34 /* ComponenTest */,
				E77B55902BDCE54D00815C34 /* ComponenTestTests */,
				E77B559A2BDCE54D00815C34 /* ComponenTestUITests */,
			);
		};
/* End PBXProject section */

/* Begin PBXResourcesBuildPhase section */
		E77B557F2BDCE54900815C34 /* Resources */ = {
			isa = PBXResourcesBuildPhase;
			buildActionMask = 2147483647;
			files = (
				E77B558C2BDCE54D00815C34 /* Preview Assets.xcassets in Resources */,
				E77B55892BDCE54D00815C34 /* Assets.xcassets in Resources */,
			);
			runOnlyForDeploymentPostprocessing = 0;
		};
		E77B558F2BDCE54D00815C34 /* Resources */ = {
			isa = PBXResourcesBuildPhase;
			buildActionMask = 2147483647;
			files = (
			);
			runOnlyForDeploymentPostprocessing = 0;
		};
		E77B55992BDCE54D00815C34 /* Resources */ = {
			isa = PBXResourcesBuildPhase;
			buildActionMask = 2147483647;
			files = (
			);
			runOnlyForDeploymentPostprocessing = 0;
		};
/* End PBXResourcesBuildPhase section */

/* Begin PBXSourcesBuildPhase section */
		E77B557D2BDCE54900815C34 /* Sources */ = {
			isa = PBXSourcesBuildPhase;
			buildActionMask = 2147483647;
			files = (
				E77B55872BDCE54900815C34 /* ContentView.swift in Sources */,
				E77B55852BDCE54900815C34 /* ComponenTestApp.swift in Sources */,
			);
			runOnlyForDeploymentPostprocessing = 0;
		};
		E77B558D2BDCE54D00815C34 /* Sources */ = {
			isa = PBXSourcesBuildPhase;
			buildActionMask = 2147483647;
			files = (
				E77B55962BDCE54D00815C34 /* ComponenTestTests.swift in Sources */,
			);
			runOnlyForDeploymentPostprocessing = 0;
		};
		E77B55972BDCE54D00815C34 /* Sources */ = {
			isa = PBXSourcesBuildPhase;
			buildActionMask = 2147483647;
			files = (
				E77B55A02BDCE54D00815C34 /* ComponenTestUITests.swift in Sources */,
				E77B55A22BDCE54D00815C34 /* ComponenTestUITestsLaunchTests.swift in Sources */,
			);
			runOnlyForDeploymentPostprocessing = 0;
		};
/* End PBXSourcesBuildPhase section */

/* Begin PBXTargetDependency section */
		E77B55932BDCE54D00815C34 /* PBXTargetDependency */ = {
			isa = PBXTargetDependency;
			target = E77B55802BDCE54900815C34 /* ComponenTest */;
			targetProxy = E77B55922BDCE54D00815C34 /* PBXContainerItemProxy */;
		};
		E77B559D2BDCE54D00815C34 /* PBXTargetDependency */ = {
			isa = PBXTargetDependency;
			target = E77B55802BDCE54900815C34 /* ComponenTest */;
			targetProxy = E77B559C2BDCE54D00815C34 /* PBXContainerItemProxy */;
		};
/* End PBXTargetDependency section */

/* Begin XCBuildConfiguration section */
		E77B55A32BDCE54D00815C34 /* Debug */ = {
			isa = XCBuildConfiguration;
			buildSettings = {
				ALWAYS_SEARCH_USER_PATHS = NO;
				ASSETCATALOG_COMPILER_GENERATE_SWIFT_ASSET_SYMBOL_EXTENSIONS = YES;
				CLANG_ANALYZER_NONNULL = YES;
				CLANG_ANALYZER_NUMBER_OBJECT_CONVERSION = YES_AGGRESSIVE;
				CLANG_CXX_LANGUAGE_STANDARD = "gnu++20";
				CLANG_ENABLE_MODULES = YES;
				CLANG_ENABLE_OBJC_ARC = YES;
				CLANG_ENABLE_OBJC_WEAK = YES;
				CLANG_WARN_BLOCK_CAPTURE_AUTORELEASING = YES;
				CLANG_WARN_BOOL_CONVERSION = YES;
				CLANG_WARN_COMMA = YES;
				CLANG_WARN_CONSTANT_CONVERSION = YES;
				CLANG_WARN_DEPRECATED_OBJC_IMPLEMENTATIONS = YES;
				CLANG_WARN_DIRECT_OBJC_ISA_USAGE = YES_ERROR;
				CLANG_WARN_DOCUMENTATION_COMMENTS = YES;
				CLANG_WARN_EMPTY_BODY = YES;
				CLANG_WARN_ENUM_CONVERSION = YES;
				CLANG_WARN_INFINITE_RECURSION = YES;
				CLANG_WARN_INT_CONVERSION = YES;
				CLANG_WARN_NON_LITERAL_NULL_CONVERSION = YES;
				CLANG_WARN_OBJC_IMPLICIT_RETAIN_SELF = YES;
				CLANG_WARN_OBJC_LITERAL_CONVERSION = YES;
				CLANG_WARN_OBJC_ROOT_CLASS = YES_ERROR;
				CLANG_WARN_QUOTED_INCLUDE_IN_FRAMEWORK_HEADER = YES;
				CLANG_WARN_RANGE_LOOP_ANALYSIS = YES;
				CLANG_WARN_STRICT_PROTOTYPES = YES;
				CLANG_WARN_SUSPICIOUS_MOVE = YES;
				CLANG_WARN_UNGUARDED_AVAILABILITY = YES_AGGRESSIVE;
				CLANG_WARN_UNREACHABLE_CODE = YES;
				CLANG_WARN__DUPLICATE_METHOD_MATCH = YES;
				COPY_PHASE_STRIP = NO;
				DEBUG_INFORMATION_FORMAT = dwarf;
				ENABLE_STRICT_OBJC_MSGSEND = YES;
				ENABLE_TESTABILITY = YES;
				ENABLE_USER_SCRIPT_SANDBOXING = YES;
				GCC_C_LANGUAGE_STANDARD = gnu17;
				GCC_DYNAMIC_NO_PIC = NO;
				GCC_NO_COMMON_BLOCKS = YES;
				GCC_OPTIMIZATION_LEVEL = 0;
				GCC_PREPROCESSOR_DEFINITIONS = (
					"DEBUG=1",
					"$(inherited)",
				);
				GCC_WARN_64_TO_32_BIT_CONVERSION = YES;
				GCC_WARN_ABOUT_RETURN_TYPE = YES_ERROR;
				GCC_WARN_UNDECLARED_SELECTOR = YES;
				GCC_WARN_UNINITIALIZED_AUTOS = YES_AGGRESSIVE;
				GCC_WARN_UNUSED_FUNCTION = YES;
				GCC_WARN_UNUSED_VARIABLE = YES;
				IPHONEOS_DEPLOYMENT_TARGET = 17.4;
				LOCALIZATION_PREFERS_STRING_CATALOGS = YES;
				MTL_ENABLE_DEBUG_INFO = INCLUDE_SOURCE;
				MTL_FAST_MATH = YES;
				ONLY_ACTIVE_ARCH = YES;
				SDKROOT = iphoneos;
				SWIFT_ACTIVE_COMPILATION_CONDITIONS = "DEBUG $(inherited)";
				SWIFT_OPTIMIZATION_LEVEL = "-Onone";
			};
			name = Debug;
		};
		E77B55A42BDCE54D00815C34 /* Release */ = {
			isa = XCBuildConfiguration;
			buildSettings = {
				ALWAYS_SEARCH_USER_PATHS = NO;
				ASSETCATALOG_COMPILER_GENERATE_SWIFT_ASSET_SYMBOL_EXTENSIONS = YES;
				CLANG_ANALYZER_NONNULL = YES;
				CLANG_ANALYZER_NUMBER_OBJECT_CONVERSION = YES_AGGRESSIVE;
				CLANG_CXX_LANGUAGE_STANDARD = "gnu++20";
				CLANG_ENABLE_MODULES = YES;
				CLANG_ENABLE_OBJC_ARC = YES;
				CLANG_ENABLE_OBJC_WEAK = YES;
				CLANG_WARN_BLOCK_CAPTURE_AUTORELEASING = YES;
				CLANG_WARN_BOOL_CONVERSION = YES;
				CLANG_WARN_COMMA = YES;
				CLANG_WARN_CONSTANT_CONVERSION = YES;
				CLANG_WARN_DEPRECATED_OBJC_IMPLEMENTATIONS = YES;
				CLANG_WARN_DIRECT_OBJC_ISA_USAGE = YES_ERROR;
				CLANG_WARN_DOCUMENTATION_COMMENTS = YES;
				CLANG_WARN_EMPTY_BODY = YES;
				CLANG_WARN_ENUM_CONVERSION = YES;
				CLANG_WARN_INFINITE_RECURSION = YES;
				CLANG_WARN_INT_CONVERSION = YES;
				CLANG_WARN_NON_LITERAL_NULL_CONVERSION = YES;
				CLANG_WARN_OBJC_IMPLICIT_RETAIN_SELF = YES;
				CLANG_WARN_OBJC_LITERAL_CONVERSION = YES;
				CLANG_WARN_OBJC_ROOT_CLASS = YES_ERROR;
				CLANG_WARN_QUOTED_INCLUDE_IN_FRAMEWORK_HEADER = YES;
				CLANG_WARN_RANGE_LOOP_ANALYSIS = YES;
				CLANG_WARN_STRICT_PROTOTYPES = YES;
				CLANG_WARN_SUSPICIOUS_MOVE = YES;
				CLANG_WARN_UNGUARDED_AVAILABILITY = YES_AGGRESSIVE;
				CLANG_WARN_UNREACHABLE_CODE = YES;
				CLANG_WARN__DUPLICATE_METHOD_MATCH = YES;
				COPY_PHASE_STRIP = NO;
				DEBUG_INFORMATION_FORMAT = "dwarf-with-dsym";
				ENABLE_NS_ASSERTIONS = NO;
				ENABLE_STRICT_OBJC_MSGSEND = YES;
				ENABLE_USER_SCRIPT_SANDBOXING = YES;
				GCC_C_LANGUAGE_STANDARD = gnu17;
				GCC_NO_COMMON_BLOCKS = YES;
				GCC_WARN_64_TO_32_BIT_CONVERSION = YES;
				GCC_WARN_ABOUT_RETURN_TYPE = YES_ERROR;
				GCC_WARN_UNDECLARED_SELECTOR = YES;
				GCC_WARN_UNINITIALIZED_AUTOS = YES_AGGRESSIVE;
				GCC_WARN_UNUSED_FUNCTION = YES;
				GCC_WARN_UNUSED_VARIABLE = YES;
				IPHONEOS_DEPLOYMENT_TARGET = 17.4;
				LOCALIZATION_PREFERS_STRING_CATALOGS = YES;
				MTL_ENABLE_DEBUG_INFO = NO;
				MTL_FAST_MATH = YES;
				SDKROOT = iphoneos;
				SWIFT_COMPILATION_MODE = wholemodule;
				VALIDATE_PRODUCT = YES;
			};
			name = Release;
		};
		E77B55A62BDCE54D00815C34 /* Debug */ = {
			isa = XCBuildConfiguration;
			buildSettings = {
				ASSETCATALOG_COMPILER_APPICON_NAME = AppIcon;
				ASSETCATALOG_COMPILER_GLOBAL_ACCENT_COLOR_NAME = AccentColor;
				CODE_SIGN_STYLE = Automatic;
				CURRENT_PROJECT_VERSION = 1;
				DEVELOPMENT_ASSET_PATHS = "\"ComponenTest/Preview Content\"";
				ENABLE_PREVIEWS = YES;
				GENERATE_INFOPLIST_FILE = YES;
				INFOPLIST_KEY_UIApplicationSceneManifest_Generation = YES;
				INFOPLIST_KEY_UIApplicationSupportsIndirectInputEvents = YES;
				INFOPLIST_KEY_UILaunchScreen_Generation = YES;
				INFOPLIST_KEY_UISupportedInterfaceOrientations_iPad = "UIInterfaceOrientationPortrait UIInterfaceOrientationPortraitUpsideDown UIInterfaceOrientationLandscapeLeft UIInterfaceOrientationLandscapeRight";
				INFOPLIST_KEY_UISupportedInterfaceOrientations_iPhone = "UIInterfaceOrientationPortrait UIInterfaceOrientationLandscapeLeft UIInterfaceOrientationLandscapeRight";
				LD_RUNPATH_SEARCH_PATHS = (
					"$(inherited)",
					"@executable_path/Frameworks",
				);
				MARKETING_VERSION = 1.0;
				PRODUCT_BUNDLE_IDENTIFIER = com.heezoo.ComponenTest;
				PRODUCT_NAME = "$(TARGET_NAME)";
				SWIFT_EMIT_LOC_STRINGS = YES;
				SWIFT_VERSION = 5.0;
				TARGETED_DEVICE_FAMILY = "1,2";
			};
			name = Debug;
		};
		E77B55A72BDCE54D00815C34 /* Release */ = {
			isa = XCBuildConfiguration;
			buildSettings = {
				ASSETCATALOG_COMPILER_APPICON_NAME = AppIcon;
				ASSETCATALOG_COMPILER_GLOBAL_ACCENT_COLOR_NAME = AccentColor;
				CODE_SIGN_STYLE = Automatic;
				CURRENT_PROJECT_VERSION = 1;
				DEVELOPMENT_ASSET_PATHS = "\"ComponenTest/Preview Content\"";
				ENABLE_PREVIEWS = YES;
				GENERATE_INFOPLIST_FILE = YES;
				INFOPLIST_KEY_UIApplicationSceneManifest_Generation = YES;
				INFOPLIST_KEY_UIApplicationSupportsIndirectInputEvents = YES;
				INFOPLIST_KEY_UILaunchScreen_Generation = YES;
				INFOPLIST_KEY_UISupportedInterfaceOrientations_iPad = "UIInterfaceOrientationPortrait UIInterfaceOrientationPortraitUpsideDown UIInterfaceOrientationLandscapeLeft UIInterfaceOrientationLandscapeRight";
				INFOPLIST_KEY_UISupportedInterfaceOrientations_iPhone = "UIInterfaceOrientationPortrait UIInterfaceOrientationLandscapeLeft UIInterfaceOrientationLandscapeRight";
				LD_RUNPATH_SEARCH_PATHS = (
					"$(inherited)",
					"@executable_path/Frameworks",
				);
				MARKETING_VERSION = 1.0;
				PRODUCT_BUNDLE_IDENTIFIER = com.heezoo.ComponenTest;
				PRODUCT_NAME = "$(TARGET_NAME)";
				SWIFT_EMIT_LOC_STRINGS = YES;
				SWIFT_VERSION = 5.0;
				TARGETED_DEVICE_FAMILY = "1,2";
			};
			name = Release;
		};
		E77B55A92BDCE54D00815C34 /* Debug */ = {
			isa = XCBuildConfiguration;
			buildSettings = {
				ALWAYS_EMBED_SWIFT_STANDARD_LIBRARIES = YES;
				BUNDLE_LOADER = "$(TEST_HOST)";
				CODE_SIGN_STYLE = Automatic;
				CURRENT_PROJECT_VERSION = 1;
				GENERATE_INFOPLIST_FILE = YES;
				IPHONEOS_DEPLOYMENT_TARGET = 17.4;
				MARKETING_VERSION = 1.0;
				PRODUCT_BUNDLE_IDENTIFIER = com.heezoo.ComponenTestTests;
				PRODUCT_NAME = "$(TARGET_NAME)";
				SWIFT_EMIT_LOC_STRINGS = NO;
				SWIFT_VERSION = 5.0;
				TARGETED_DEVICE_FAMILY = "1,2";
				TEST_HOST = "$(BUILT_PRODUCTS_DIR)/ComponenTest.app/$(BUNDLE_EXECUTABLE_FOLDER_PATH)/ComponenTest";
			};
			name = Debug;
		};
		E77B55AA2BDCE54D00815C34 /* Release */ = {
			isa = XCBuildConfiguration;
			buildSettings = {
				ALWAYS_EMBED_SWIFT_STANDARD_LIBRARIES = YES;
				BUNDLE_LOADER = "$(TEST_HOST)";
				CODE_SIGN_STYLE = Automatic;
				CURRENT_PROJECT_VERSION = 1;
				GENERATE_INFOPLIST_FILE = YES;
				IPHONEOS_DEPLOYMENT_TARGET = 17.4;
				MARKETING_VERSION = 1.0;
				PRODUCT_BUNDLE_IDENTIFIER = com.heezoo.ComponenTestTests;
				PRODUCT_NAME = "$(TARGET_NAME)";
				SWIFT_EMIT_LOC_STRINGS = NO;
				SWIFT_VERSION = 5.0;
				TARGETED_DEVICE_FAMILY = "1,2";
				TEST_HOST = "$(BUILT_PRODUCTS_DIR)/ComponenTest.app/$(BUNDLE_EXECUTABLE_FOLDER_PATH)/ComponenTest";
			};
			name = Release;
		};
		E77B55AC2BDCE54D00815C34 /* Debug */ = {
			isa = XCBuildConfiguration;
			buildSettings = {
				ALWAYS_EMBED_SWIFT_STANDARD_LIBRARIES = YES;
				CODE_SIGN_STYLE = Automatic;
				CURRENT_PROJECT_VERSION = 1;
				GENERATE_INFOPLIST_FILE = YES;
				MARKETING_VERSION = 1.0;
				PRODUCT_BUNDLE_IDENTIFIER = com.heezoo.ComponenTestUITests;
				PRODUCT_NAME = "$(TARGET_NAME)";
				SWIFT_EMIT_LOC_STRINGS = NO;
				SWIFT_VERSION = 5.0;
				TARGETED_DEVICE_FAMILY = "1,2";
				TEST_TARGET_NAME = ComponenTest;
			};
			name = Debug;
		};
		E77B55AD2BDCE54D00815C34 /* Release */ = {
			isa = XCBuildConfiguration;
			buildSettings = {
				ALWAYS_EMBED_SWIFT_STANDARD_LIBRARIES = YES;
				CODE_SIGN_STYLE = Automatic;
				CURRENT_PROJECT_VERSION = 1;
				GENERATE_INFOPLIST_FILE = YES;
				MARKETING_VERSION = 1.0;
				PRODUCT_BUNDLE_IDENTIFIER = com.heezoo.ComponenTestUITests;
				PRODUCT_NAME = "$(TARGET_NAME)";
				SWIFT_EMIT_LOC_STRINGS = NO;
				SWIFT_VERSION = 5.0;
				TARGETED_DEVICE_FAMILY = "1,2";
				TEST_TARGET_NAME = ComponenTest;
			};
			name = Release;
		};
/* End XCBuildConfiguration section */

/* Begin XCConfigurationList section */
		E77B557C2BDCE54900815C34 /* Build configuration list for PBXProject "ComponenTest" */ = {
			isa = XCConfigurationList;
			buildConfigurations = (
				E77B55A32BDCE54D00815C34 /* Debug */,
				E77B55A42BDCE54D00815C34 /* Release */,
			);
			defaultConfigurationIsVisible = 0;
			defaultConfigurationName = Release;
		};
		E77B55A52BDCE54D00815C34 /* Build configuration list for PBXNativeTarget "ComponenTest" */ = {
			isa = XCConfigurationList;
			buildConfigurations = (
				E77B55A62BDCE54D00815C34 /* Debug */,
				E77B55A72BDCE54D00815C34 /* Release */,
			);
			defaultConfigurationIsVisible = 0;
			defaultConfigurationName = Release;
		};
		E77B55A82BDCE54D00815C34 /* Build configuration list for PBXNativeTarget "ComponenTestTests" */ = {
			isa = XCConfigurationList;
			buildConfigurations = (
				E77B55A92BDCE54D00815C34 /* Debug */,
				E77B55AA2BDCE54D00815C34 /* Release */,
			);
			defaultConfigurationIsVisible = 0;
			defaultConfigurationName = Release;
		};
		E77B55AB2BDCE54D00815C34 /* Build configuration list for PBXNativeTarget "ComponenTestUITests" */ = {
			isa = XCConfigurationList;
			buildConfigurations = (
				E77B55AC2BDCE54D00815C34 /* Debug */,
				E77B55AD2BDCE54D00815C34 /* Release */,
			);
			defaultConfigurationIsVisible = 0;
			defaultConfigurationName = Release;
		};
/* End XCConfigurationList section */
	};
	rootObject = E77B55792BDCE54900815C34 /* Project object */;
}
